
Microsoft Visual Studio Solution File, Format Version 12.00
# Visual Studio 15
VisualStudioVersion = 15.0.27428.2005
MinimumVisualStudioVersion = 10.0.40219.1
Project("{9A19103F-16F7-4668-BE54-9A1E7A4F7556}") = "ngCore", "WebAppSimple\ngCore.csproj", "{36834D6A-FBCD-4917-A956-2DAB0EBFF872}"
EndProject
Project("{E53339B2-1760-4266-BCC7-CA923CBCF16C}") = "docker-compose", "docker-compose.dcproj", "{91CD1AF8-FA1C-4810-9BEB-36D4AD2A75A9}"
EndProject
Global
	GlobalSection(SolutionConfigurationPlatforms) = preSolution
		Debug|Any CPU = Debug|Any CPU
		Release|Any CPU = Release|Any CPU
	EndGlobalSection
	GlobalSection(ProjectConfigurationPlatforms) = postSolution
		{36834D6A-FBCD-4917-A956-2DAB0EBFF872}.Debug|Any CPU.ActiveCfg = Debug|Any CPU
		{36834D6A-FBCD-4917-A956-2DAB0EBFF872}.Debug|Any CPU.Build.0 = Debug|Any CPU
		{36834D6A-FBCD-4917-A956-2DAB0EBFF872}.Release|Any CPU.ActiveCfg = Release|Any CPU
		{36834D6A-FBCD-4917-A956-2DAB0EBFF872}.Release|Any CPU.Build.0 = Release|Any CPU
		{91CD1AF8-FA1C-4810-9BEB-36D4AD2A75A9}.Debug|Any CPU.ActiveCfg = Debug|Any CPU
		{91CD1AF8-FA1C-4810-9BEB-36D4AD2A75A9}.Debug|Any CPU.Build.0 = Debug|Any CPU
		{91CD1AF8-FA1C-4810-9BEB-36D4AD2A75A9}.Release|Any CPU.ActiveCfg = Release|Any CPU
		{91CD1AF8-FA1C-4810-9BEB-36D4AD2A75A9}.Release|Any CPU.Build.0 = Release|Any CPU
	EndGlobalSection
	GlobalSection(SolutionProperties) = preSolution
		HideSolutionNode = FALSE
	EndGlobalSection
	GlobalSection(ExtensibilityGlobals) = postSolution
		SolutionGuid = {2A58A0EF-A19B-4091-955F-BC3D813ADBF3}
	EndGlobalSection
EndGlobal
